
Microsoft Visual Studio Solution File, Format Version 12.00
# Visual Studio Version 17
VisualStudioVersion = 17.0.32126.317
MinimumVisualStudioVersion = 10.0.40219.1
Project("{9A19103F-16F7-4668-BE54-9A1E7A4F7556}") = "CompanyEmployeesAPI", "CompanyEmployeesAPI.csproj", "{906B78DF-ACB7-4949-9D56-FD01AB3EC873}"
EndProject
Project("{9A19103F-16F7-4668-BE54-9A1E7A4F7556}") = "Contracts", "..\Contracts\Contracts.csproj", "{0B2C51DA-99B7-4360-81C2-A0069E15F5F8}"
EndProject
Project("{9A19103F-16F7-4668-BE54-9A1E7A4F7556}") = "LoggerService", "..\LoggerService\LoggerService.csproj", "{2AB707AC-471A-4B56-A548-9D0EB941D6A3}"
EndProject
Project("{9A19103F-16F7-4668-BE54-9A1E7A4F7556}") = "Entities", "Entities\Entities.csproj", "{AA0E9A8F-FBAC-4745-A524-45B8C92D0272}"
EndProject
Project("{9A19103F-16F7-4668-BE54-9A1E7A4F7556}") = "Repository", "..\Repository\Repository.csproj", "{005DE356-7B4C-4C81-9943-412F5C0F4503}"
EndProject
Project("{FAE04EC0-301F-11D3-BF4B-00C04F79EFBC}") = "Service.Contracts", "..\Service.Contracts\Service.Contracts.csproj", "{BD27A920-0F0F-4686-90FA-85040F904426}"
EndProject
Project("{FAE04EC0-301F-11D3-BF4B-00C04F79EFBC}") = "Service", "..\Service\Service.csproj", "{CF7D628A-0E1C-4FD1-897C-829783442BF0}"
EndProject
Global
	GlobalSection(SolutionConfigurationPlatforms) = preSolution
		Debug|Any CPU = Debug|Any CPU
		Release|Any CPU = Release|Any CPU
	EndGlobalSection
	GlobalSection(ProjectConfigurationPlatforms) = postSolution
		{906B78DF-ACB7-4949-9D56-FD01AB3EC873}.Debug|Any CPU.ActiveCfg = Debug|Any CPU
		{906B78DF-ACB7-4949-9D56-FD01AB3EC873}.Debug|Any CPU.Build.0 = Debug|Any CPU
		{906B78DF-ACB7-4949-9D56-FD01AB3EC873}.Release|Any CPU.ActiveCfg = Release|Any CPU
		{906B78DF-ACB7-4949-9D56-FD01AB3EC873}.Release|Any CPU.Build.0 = Release|Any CPU
		{0B2C51DA-99B7-4360-81C2-A0069E15F5F8}.Debug|Any CPU.ActiveCfg = Debug|Any CPU
		{0B2C51DA-99B7-4360-81C2-A0069E15F5F8}.Debug|Any CPU.Build.0 = Debug|Any CPU
		{0B2C51DA-99B7-4360-81C2-A0069E15F5F8}.Release|Any CPU.ActiveCfg = Release|Any CPU
		{0B2C51DA-99B7-4360-81C2-A0069E15F5F8}.Release|Any CPU.Build.0 = Release|Any CPU
		{2AB707AC-471A-4B56-A548-9D0EB941D6A3}.Debug|Any CPU.ActiveCfg = Debug|Any CPU
		{2AB707AC-471A-4B56-A548-9D0EB941D6A3}.Debug|Any CPU.Build.0 = Debug|Any CPU
		{2AB707AC-471A-4B56-A548-9D0EB941D6A3}.Release|Any CPU.ActiveCfg = Release|Any CPU
		{2AB707AC-471A-4B56-A548-9D0EB941D6A3}.Release|Any CPU.Build.0 = Release|Any CPU
		{AA0E9A8F-FBAC-4745-A524-45B8C92D0272}.Debug|Any CPU.ActiveCfg = Debug|Any CPU
		{AA0E9A8F-FBAC-4745-A524-45B8C92D0272}.Debug|Any CPU.Build.0 = Debug|Any CPU
		{AA0E9A8F-FBAC-4745-A524-45B8C92D0272}.Release|Any CPU.ActiveCfg = Release|Any CPU
		{AA0E9A8F-FBAC-4745-A524-45B8C92D0272}.Release|Any CPU.Build.0 = Release|Any CPU
		{005DE356-7B4C-4C81-9943-412F5C0F4503}.Debug|Any CPU.ActiveCfg = Debug|Any CPU
		{005DE356-7B4C-4C81-9943-412F5C0F4503}.Debug|Any CPU.Build.0 = Debug|Any CPU
		{005DE356-7B4C-4C81-9943-412F5C0F4503}.Release|Any CPU.ActiveCfg = Release|Any CPU
		{005DE356-7B4C-4C81-9943-412F5C0F4503}.Release|Any CPU.Build.0 = Release|Any CPU
		{BD27A920-0F0F-4686-90FA-85040F904426}.Debug|Any CPU.ActiveCfg = Debug|Any CPU
		{BD27A920-0F0F-4686-90FA-85040F904426}.Debug|Any CPU.Build.0 = Debug|Any CPU
		{BD27A920-0F0F-4686-90FA-85040F904426}.Release|Any CPU.ActiveCfg = Release|Any CPU
		{BD27A920-0F0F-4686-90FA-85040F904426}.Release|Any CPU.Build.0 = Release|Any CPU
		{CF7D628A-0E1C-4FD1-897C-829783442BF0}.Debug|Any CPU.ActiveCfg = Debug|Any CPU
		{CF7D628A-0E1C-4FD1-897C-829783442BF0}.Debug|Any CPU.Build.0 = Debug|Any CPU
		{CF7D628A-0E1C-4FD1-897C-829783442BF0}.Release|Any CPU.ActiveCfg = Release|Any CPU
		{CF7D628A-0E1C-4FD1-897C-829783442BF0}.Release|Any CPU.Build.0 = Release|Any CPU
	EndGlobalSection
	GlobalSection(SolutionProperties) = preSolution
		HideSolutionNode = FALSE
	EndGlobalSection
	GlobalSection(ExtensibilityGlobals) = postSolution
		SolutionGuid = {0DD6D332-35CA-4899-8079-943450566A49}
	EndGlobalSection
EndGlobal
