
Microsoft Visual Studio Solution File, Format Version 12.00
# Visual Studio Version 17
VisualStudioVersion = 17.0.32126.317
MinimumVisualStudioVersion = 10.0.40219.1
Project("{9A19103F-16F7-4668-BE54-9A1E7A4F7556}") = "CompanyEmployeesAPI", "CompanyEmployeesAPI.csproj", "{906B78DF-ACB7-4949-9D56-FD01AB3EC873}"
EndProject
Project("{9A19103F-16F7-4668-BE54-9A1E7A4F7556}") = "LoggerService", "..\LoggerService\LoggerService.csproj", "{2AB707AC-471A-4B56-A548-9D0EB941D6A3}"
EndProject
Project("{9A19103F-16F7-4668-BE54-9A1E7A4F7556}") = "Contracts", "..\Contracts\Contracts.csproj", "{056C9A87-0B7C-426F-8608-3CE1DE975B9B}"
EndProject
Project("{9A19103F-16F7-4668-BE54-9A1E7A4F7556}") = "Entities", "..\Entities\Entities.csproj", "{6E8B7EFA-7D5D-4ED9-BCB7-8CBAB38598FD}"
EndProject
Project("{9A19103F-16F7-4668-BE54-9A1E7A4F7556}") = "Repository", "..\Repository\Repository.csproj", "{457AC38A-8FF6-4BA6-8BD1-67DCA86EE93C}"
EndProject
Project("{FAE04EC0-301F-11D3-BF4B-00C04F79EFBC}") = "Service.Contracts", "..\Service.Contracts\Service.Contracts.csproj", "{63C4788D-3325-4A98-A115-1E913D959DAA}"
EndProject
Project("{FAE04EC0-301F-11D3-BF4B-00C04F79EFBC}") = "Service", "..\Service\Service.csproj", "{DE2148DC-F3BD-4AD9-AC7F-C934BA71AF86}"
EndProject
Global
	GlobalSection(SolutionConfigurationPlatforms) = preSolution
		Debug|Any CPU = Debug|Any CPU
		Release|Any CPU = Release|Any CPU
	EndGlobalSection
	GlobalSection(ProjectConfigurationPlatforms) = postSolution
		{906B78DF-ACB7-4949-9D56-FD01AB3EC873}.Debug|Any CPU.ActiveCfg = Debug|Any CPU
		{906B78DF-ACB7-4949-9D56-FD01AB3EC873}.Debug|Any CPU.Build.0 = Debug|Any CPU
		{906B78DF-ACB7-4949-9D56-FD01AB3EC873}.Release|Any CPU.ActiveCfg = Release|Any CPU
		{906B78DF-ACB7-4949-9D56-FD01AB3EC873}.Release|Any CPU.Build.0 = Release|Any CPU
		{2AB707AC-471A-4B56-A548-9D0EB941D6A3}.Debug|Any CPU.ActiveCfg = Debug|Any CPU
		{2AB707AC-471A-4B56-A548-9D0EB941D6A3}.Debug|Any CPU.Build.0 = Debug|Any CPU
		{2AB707AC-471A-4B56-A548-9D0EB941D6A3}.Release|Any CPU.ActiveCfg = Release|Any CPU
		{2AB707AC-471A-4B56-A548-9D0EB941D6A3}.Release|Any CPU.Build.0 = Release|Any CPU
		{056C9A87-0B7C-426F-8608-3CE1DE975B9B}.Debug|Any CPU.ActiveCfg = Debug|Any CPU
		{056C9A87-0B7C-426F-8608-3CE1DE975B9B}.Debug|Any CPU.Build.0 = Debug|Any CPU
		{056C9A87-0B7C-426F-8608-3CE1DE975B9B}.Release|Any CPU.ActiveCfg = Release|Any CPU
		{056C9A87-0B7C-426F-8608-3CE1DE975B9B}.Release|Any CPU.Build.0 = Release|Any CPU
		{6E8B7EFA-7D5D-4ED9-BCB7-8CBAB38598FD}.Debug|Any CPU.ActiveCfg = Debug|Any CPU
		{6E8B7EFA-7D5D-4ED9-BCB7-8CBAB38598FD}.Debug|Any CPU.Build.0 = Debug|Any CPU
		{6E8B7EFA-7D5D-4ED9-BCB7-8CBAB38598FD}.Release|Any CPU.ActiveCfg = Release|Any CPU
		{6E8B7EFA-7D5D-4ED9-BCB7-8CBAB38598FD}.Release|Any CPU.Build.0 = Release|Any CPU
		{457AC38A-8FF6-4BA6-8BD1-67DCA86EE93C}.Debug|Any CPU.ActiveCfg = Debug|Any CPU
		{457AC38A-8FF6-4BA6-8BD1-67DCA86EE93C}.Debug|Any CPU.Build.0 = Debug|Any CPU
		{457AC38A-8FF6-4BA6-8BD1-67DCA86EE93C}.Release|Any CPU.ActiveCfg = Release|Any CPU
		{457AC38A-8FF6-4BA6-8BD1-67DCA86EE93C}.Release|Any CPU.Build.0 = Release|Any CPU
		{63C4788D-3325-4A98-A115-1E913D959DAA}.Debug|Any CPU.ActiveCfg = Debug|Any CPU
		{63C4788D-3325-4A98-A115-1E913D959DAA}.Debug|Any CPU.Build.0 = Debug|Any CPU
		{63C4788D-3325-4A98-A115-1E913D959DAA}.Release|Any CPU.ActiveCfg = Release|Any CPU
		{63C4788D-3325-4A98-A115-1E913D959DAA}.Release|Any CPU.Build.0 = Release|Any CPU
		{DE2148DC-F3BD-4AD9-AC7F-C934BA71AF86}.Debug|Any CPU.ActiveCfg = Debug|Any CPU
		{DE2148DC-F3BD-4AD9-AC7F-C934BA71AF86}.Debug|Any CPU.Build.0 = Debug|Any CPU
		{DE2148DC-F3BD-4AD9-AC7F-C934BA71AF86}.Release|Any CPU.ActiveCfg = Release|Any CPU
		{DE2148DC-F3BD-4AD9-AC7F-C934BA71AF86}.Release|Any CPU.Build.0 = Release|Any CPU
	EndGlobalSection
	GlobalSection(SolutionProperties) = preSolution
		HideSolutionNode = FALSE
	EndGlobalSection
	GlobalSection(ExtensibilityGlobals) = postSolution
		SolutionGuid = {0DD6D332-35CA-4899-8079-943450566A49}
	EndGlobalSection
EndGlobal
